
Microsoft Visual Studio Solution File, Format Version 12.00
# Visual Studio Version 16
VisualStudioVersion = 16.0.31205.134
MinimumVisualStudioVersion = 10.0.40219.1
Project("{FAE04EC0-301F-11D3-BF4B-00C04F79EFBC}") = "Badge", "Badge\Badge.csproj", "{BF44D07C-E5F2-4CDA-8207-B32142ADAF6B}"
EndProject
Global
	GlobalSection(SolutionConfigurationPlatforms) = preSolution
		Debug|Any CPU = Debug|Any CPU
		Release|Any CPU = Release|Any CPU
	EndGlobalSection
	GlobalSection(ProjectConfigurationPlatforms) = postSolution
		{BF44D07C-E5F2-4CDA-8207-B32142ADAF6B}.Debug|Any CPU.ActiveCfg = Debug|Any CPU
		{BF44D07C-E5F2-4CDA-8207-B32142ADAF6B}.Debug|Any CPU.Build.0 = Debug|Any CPU
		{BF44D07C-E5F2-4CDA-8207-B32142ADAF6B}.Release|Any CPU.ActiveCfg = Release|Any CPU
		{BF44D07C-E5F2-4CDA-8207-B32142ADAF6B}.Release|Any CPU.Build.0 = Release|Any CPU
	EndGlobalSection
	GlobalSection(SolutionProperties) = preSolution
		HideSolutionNode = FALSE
	EndGlobalSection
	GlobalSection(ExtensibilityGlobals) = postSolution
		SolutionGuid = {4A9E209B-2D91-47A1-ACF1-FDEA4A72B74D}
	EndGlobalSection
EndGlobal
